
Microsoft Visual Studio Solution File, Format Version 12.00
# Visual Studio Version 16
VisualStudioVersion = 16.0.31205.134
MinimumVisualStudioVersion = 10.0.40219.1
Project("{8BC9CEB8-8B4A-11D0-8D11-00A0C91BC942}") = "Ex01.01", "Ex01.01\Ex01.01.vcxproj", "{D62146DD-ECD4-4DE6-90B3-80606E530594}"
EndProject
Project("{8BC9CEB8-8B4A-11D0-8D11-00A0C91BC942}") = "Ex01.02", "Ex01.02\Ex01.02.vcxproj", "{41B35FE7-02FC-491F-9BB2-A7969BFDBB69}"
EndProject
Project("{8BC9CEB8-8B4A-11D0-8D11-00A0C91BC942}") = "Ex01.03", "Ex01.03\Ex01.03.vcxproj", "{63B1C641-41B1-4B13-91D6-71CDF31F5C81}"
EndProject
Project("{8BC9CEB8-8B4A-11D0-8D11-00A0C91BC942}") = "Ex01.04", "Ex01.04\Ex01.04.vcxproj", "{A614DCC7-386C-4E77-9BF2-B6388CB07CEB}"
EndProject
Project("{8BC9CEB8-8B4A-11D0-8D11-00A0C91BC942}") = "Ex01.05", "Ex01.05\Ex01.05.vcxproj", "{71FC8086-2989-48B7-87DC-3C1261196084}"
EndProject
Project("{8BC9CEB8-8B4A-11D0-8D11-00A0C91BC942}") = "Ex01.06", "Ex01.06\Ex01.06.vcxproj", "{51D6CEE9-78D8-4363-96FD-20E8005EE82B}"
EndProject
Project("{8BC9CEB8-8B4A-11D0-8D11-00A0C91BC942}") = "Ex01.07", "Ex01.07\Ex01.07.vcxproj", "{CFC798B2-3882-4B4C-8D7D-5C61FEB741A0}"
EndProject
Project("{8BC9CEB8-8B4A-11D0-8D11-00A0C91BC942}") = "Ex01.08", "Ex01.08\Ex01.08.vcxproj", "{40F4165D-BB5A-42AA-958A-4A5566AADCD6}"
EndProject
Global
	GlobalSection(SolutionConfigurationPlatforms) = preSolution
		Debug|x64 = Debug|x64
		Debug|x86 = Debug|x86
		Release|x64 = Release|x64
		Release|x86 = Release|x86
	EndGlobalSection
	GlobalSection(ProjectConfigurationPlatforms) = postSolution
		{D62146DD-ECD4-4DE6-90B3-80606E530594}.Debug|x64.ActiveCfg = Debug|x64
		{D62146DD-ECD4-4DE6-90B3-80606E530594}.Debug|x64.Build.0 = Debug|x64
		{D62146DD-ECD4-4DE6-90B3-80606E530594}.Debug|x86.ActiveCfg = Debug|Win32
		{D62146DD-ECD4-4DE6-90B3-80606E530594}.Debug|x86.Build.0 = Debug|Win32
		{D62146DD-ECD4-4DE6-90B3-80606E530594}.Release|x64.ActiveCfg = Release|x64
		{D62146DD-ECD4-4DE6-90B3-80606E530594}.Release|x64.Build.0 = Release|x64
		{D62146DD-ECD4-4DE6-90B3-80606E530594}.Release|x86.ActiveCfg = Release|Win32
		{D62146DD-ECD4-4DE6-90B3-80606E530594}.Release|x86.Build.0 = Release|Win32
		{41B35FE7-02FC-491F-9BB2-A7969BFDBB69}.Debug|x64.ActiveCfg = Debug|x64
		{41B35FE7-02FC-491F-9BB2-A7969BFDBB69}.Debug|x64.Build.0 = Debug|x64
		{41B35FE7-02FC-491F-9BB2-A7969BFDBB69}.Debug|x86.ActiveCfg = Debug|Win32
		{41B35FE7-02FC-491F-9BB2-A7969BFDBB69}.Debug|x86.Build.0 = Debug|Win32
		{41B35FE7-02FC-491F-9BB2-A7969BFDBB69}.Release|x64.ActiveCfg = Release|x64
		{41B35FE7-02FC-491F-9BB2-A7969BFDBB69}.Release|x64.Build.0 = Release|x64
		{41B35FE7-02FC-491F-9BB2-A7969BFDBB69}.Release|x86.ActiveCfg = Release|Win32
		{41B35FE7-02FC-491F-9BB2-A7969BFDBB69}.Release|x86.Build.0 = Release|Win32
		{63B1C641-41B1-4B13-91D6-71CDF31F5C81}.Debug|x64.ActiveCfg = Debug|x64
		{63B1C641-41B1-4B13-91D6-71CDF31F5C81}.Debug|x64.Build.0 = Debug|x64
		{63B1C641-41B1-4B13-91D6-71CDF31F5C81}.Debug|x86.ActiveCfg = Debug|Win32
		{63B1C641-41B1-4B13-91D6-71CDF31F5C81}.Debug|x86.Build.0 = Debug|Win32
		{63B1C641-41B1-4B13-91D6-71CDF31F5C81}.Release|x64.ActiveCfg = Release|x64
		{63B1C641-41B1-4B13-91D6-71CDF31F5C81}.Release|x64.Build.0 = Release|x64
		{63B1C641-41B1-4B13-91D6-71CDF31F5C81}.Release|x86.ActiveCfg = Release|Win32
		{63B1C641-41B1-4B13-91D6-71CDF31F5C81}.Release|x86.Build.0 = Release|Win32
		{A614DCC7-386C-4E77-9BF2-B6388CB07CEB}.Debug|x64.ActiveCfg = Debug|x64
		{A614DCC7-386C-4E77-9BF2-B6388CB07CEB}.Debug|x64.Build.0 = Debug|x64
		{A614DCC7-386C-4E77-9BF2-B6388CB07CEB}.Debug|x86.ActiveCfg = Debug|Win32
		{A614DCC7-386C-4E77-9BF2-B6388CB07CEB}.Debug|x86.Build.0 = Debug|Win32
		{A614DCC7-386C-4E77-9BF2-B6388CB07CEB}.Release|x64.ActiveCfg = Release|x64
		{A614DCC7-386C-4E77-9BF2-B6388CB07CEB}.Release|x64.Build.0 = Release|x64
		{A614DCC7-386C-4E77-9BF2-B6388CB07CEB}.Release|x86.ActiveCfg = Release|Win32
		{A614DCC7-386C-4E77-9BF2-B6388CB07CEB}.Release|x86.Build.0 = Release|Win32
		{71FC8086-2989-48B7-87DC-3C1261196084}.Debug|x64.ActiveCfg = Debug|x64
		{71FC8086-2989-48B7-87DC-3C1261196084}.Debug|x64.Build.0 = Debug|x64
		{71FC8086-2989-48B7-87DC-3C1261196084}.Debug|x86.ActiveCfg = Debug|Win32
		{71FC8086-2989-48B7-87DC-3C1261196084}.Debug|x86.Build.0 = Debug|Win32
		{71FC8086-2989-48B7-87DC-3C1261196084}.Release|x64.ActiveCfg = Release|x64
		{71FC8086-2989-48B7-87DC-3C1261196084}.Release|x64.Build.0 = Release|x64
		{71FC8086-2989-48B7-87DC-3C1261196084}.Release|x86.ActiveCfg = Release|Win32
		{71FC8086-2989-48B7-87DC-3C1261196084}.Release|x86.Build.0 = Release|Win32
		{51D6CEE9-78D8-4363-96FD-20E8005EE82B}.Debug|x64.ActiveCfg = Debug|x64
		{51D6CEE9-78D8-4363-96FD-20E8005EE82B}.Debug|x64.Build.0 = Debug|x64
		{51D6CEE9-78D8-4363-96FD-20E8005EE82B}.Debug|x86.ActiveCfg = Debug|Win32
		{51D6CEE9-78D8-4363-96FD-20E8005EE82B}.Debug|x86.Build.0 = Debug|Win32
		{51D6CEE9-78D8-4363-96FD-20E8005EE82B}.Release|x64.ActiveCfg = Release|x64
		{51D6CEE9-78D8-4363-96FD-20E8005EE82B}.Release|x64.Build.0 = Release|x64
		{51D6CEE9-78D8-4363-96FD-20E8005EE82B}.Release|x86.ActiveCfg = Release|Win32
		{51D6CEE9-78D8-4363-96FD-20E8005EE82B}.Release|x86.Build.0 = Release|Win32
		{CFC798B2-3882-4B4C-8D7D-5C61FEB741A0}.Debug|x64.ActiveCfg = Debug|x64
		{CFC798B2-3882-4B4C-8D7D-5C61FEB741A0}.Debug|x64.Build.0 = Debug|x64
		{CFC798B2-3882-4B4C-8D7D-5C61FEB741A0}.Debug|x86.ActiveCfg = Debug|Win32
		{CFC798B2-3882-4B4C-8D7D-5C61FEB741A0}.Debug|x86.Build.0 = Debug|Win32
		{CFC798B2-3882-4B4C-8D7D-5C61FEB741A0}.Release|x64.ActiveCfg = Release|x64
		{CFC798B2-3882-4B4C-8D7D-5C61FEB741A0}.Release|x64.Build.0 = Release|x64
		{CFC798B2-3882-4B4C-8D7D-5C61FEB741A0}.Release|x86.ActiveCfg = Release|Win32
		{CFC798B2-3882-4B4C-8D7D-5C61FEB741A0}.Release|x86.Build.0 = Release|Win32
		{40F4165D-BB5A-42AA-958A-4A5566AADCD6}.Debug|x64.ActiveCfg = Debug|x64
		{40F4165D-BB5A-42AA-958A-4A5566AADCD6}.Debug|x64.Build.0 = Debug|x64
		{40F4165D-BB5A-42AA-958A-4A5566AADCD6}.Debug|x86.ActiveCfg = Debug|Win32
		{40F4165D-BB5A-42AA-958A-4A5566AADCD6}.Debug|x86.Build.0 = Debug|Win32
		{40F4165D-BB5A-42AA-958A-4A5566AADCD6}.Release|x64.ActiveCfg = Release|x64
		{40F4165D-BB5A-42AA-958A-4A5566AADCD6}.Release|x64.Build.0 = Release|x64
		{40F4165D-BB5A-42AA-958A-4A5566AADCD6}.Release|x86.ActiveCfg = Release|Win32
		{40F4165D-BB5A-42AA-958A-4A5566AADCD6}.Release|x86.Build.0 = Release|Win32
	EndGlobalSection
	GlobalSection(SolutionProperties) = preSolution
		HideSolutionNode = FALSE
	EndGlobalSection
	GlobalSection(ExtensibilityGlobals) = postSolution
		SolutionGuid = {F5AD76B2-B701-46D8-86F0-E63E1F37625C}
	EndGlobalSection
EndGlobal
